
Microsoft Visual Studio Solution File, Format Version 12.00
# Visual Studio Version 16
VisualStudioVersion = 16.0.31515.178
MinimumVisualStudioVersion = 10.0.40219.1
Project("{FAE04EC0-301F-11D3-BF4B-00C04F79EFBC}") = "WinFormHerencia", "WinFormHerencia\WinFormHerencia.csproj", "{8F6BF074-1950-4EF8-80E0-BC9E04AA4B8E}"
EndProject
Project("{FAE04EC0-301F-11D3-BF4B-00C04F79EFBC}") = "Entidades", "Entidades\Entidades.csproj", "{39ED6959-0250-4180-A28E-85765F7907CA}"
EndProject
Global
	GlobalSection(SolutionConfigurationPlatforms) = preSolution
		Debug|Any CPU = Debug|Any CPU
		Release|Any CPU = Release|Any CPU
	EndGlobalSection
	GlobalSection(ProjectConfigurationPlatforms) = postSolution
		{8F6BF074-1950-4EF8-80E0-BC9E04AA4B8E}.Debug|Any CPU.ActiveCfg = Debug|Any CPU
		{8F6BF074-1950-4EF8-80E0-BC9E04AA4B8E}.Debug|Any CPU.Build.0 = Debug|Any CPU
		{8F6BF074-1950-4EF8-80E0-BC9E04AA4B8E}.Release|Any CPU.ActiveCfg = Release|Any CPU
		{8F6BF074-1950-4EF8-80E0-BC9E04AA4B8E}.Release|Any CPU.Build.0 = Release|Any CPU
		{39ED6959-0250-4180-A28E-85765F7907CA}.Debug|Any CPU.ActiveCfg = Debug|Any CPU
		{39ED6959-0250-4180-A28E-85765F7907CA}.Debug|Any CPU.Build.0 = Debug|Any CPU
		{39ED6959-0250-4180-A28E-85765F7907CA}.Release|Any CPU.ActiveCfg = Release|Any CPU
		{39ED6959-0250-4180-A28E-85765F7907CA}.Release|Any CPU.Build.0 = Release|Any CPU
	EndGlobalSection
	GlobalSection(SolutionProperties) = preSolution
		HideSolutionNode = FALSE
	EndGlobalSection
	GlobalSection(ExtensibilityGlobals) = postSolution
		SolutionGuid = {A768D4CD-329D-4ED6-99DA-14309336E000}
	EndGlobalSection
EndGlobal
